
Microsoft Visual Studio Solution File, Format Version 12.00
# Visual Studio Version 17
VisualStudioVersion = 17.7.34031.279
MinimumVisualStudioVersion = 10.0.40219.1
Project("{9A19103F-16F7-4668-BE54-9A1E7A4F7556}") = "PartialDischargeMeasurementApp", "PartialDischargeMeasurementApp.csproj", "{BA0FA8FD-3CDC-4A71-A2E0-9F8D8FB87589}"
EndProject
Project("{9A19103F-16F7-4668-BE54-9A1E7A4F7556}") = "PartialDischargeMeasurementSystemTests", "..\PartialDischargeMeasurementSystemTests\PartialDischargeMeasurementSystemTests.csproj", "{866FCB4C-F4C9-4EA6-AABD-7E1926D61ADC}"
EndProject
Project("{FAE04EC0-301F-11D3-BF4B-00C04F79EFBC}") = "EthernetConnection", "..\USBConnection\EthernetConnection.csproj", "{677CA775-F00C-49E0-8ADA-DCB862337B13}"
EndProject
Global
	GlobalSection(SolutionConfigurationPlatforms) = preSolution
		Debug|Any CPU = Debug|Any CPU
		Release|Any CPU = Release|Any CPU
	EndGlobalSection
	GlobalSection(ProjectConfigurationPlatforms) = postSolution
		{BA0FA8FD-3CDC-4A71-A2E0-9F8D8FB87589}.Debug|Any CPU.ActiveCfg = Debug|Any CPU
		{BA0FA8FD-3CDC-4A71-A2E0-9F8D8FB87589}.Debug|Any CPU.Build.0 = Debug|Any CPU
		{BA0FA8FD-3CDC-4A71-A2E0-9F8D8FB87589}.Release|Any CPU.ActiveCfg = Release|Any CPU
		{BA0FA8FD-3CDC-4A71-A2E0-9F8D8FB87589}.Release|Any CPU.Build.0 = Release|Any CPU
		{866FCB4C-F4C9-4EA6-AABD-7E1926D61ADC}.Debug|Any CPU.ActiveCfg = Debug|Any CPU
		{866FCB4C-F4C9-4EA6-AABD-7E1926D61ADC}.Debug|Any CPU.Build.0 = Debug|Any CPU
		{866FCB4C-F4C9-4EA6-AABD-7E1926D61ADC}.Release|Any CPU.ActiveCfg = Release|Any CPU
		{866FCB4C-F4C9-4EA6-AABD-7E1926D61ADC}.Release|Any CPU.Build.0 = Release|Any CPU
		{677CA775-F00C-49E0-8ADA-DCB862337B13}.Debug|Any CPU.ActiveCfg = Debug|Any CPU
		{677CA775-F00C-49E0-8ADA-DCB862337B13}.Debug|Any CPU.Build.0 = Debug|Any CPU
		{677CA775-F00C-49E0-8ADA-DCB862337B13}.Release|Any CPU.ActiveCfg = Release|Any CPU
		{677CA775-F00C-49E0-8ADA-DCB862337B13}.Release|Any CPU.Build.0 = Release|Any CPU
	EndGlobalSection
	GlobalSection(SolutionProperties) = preSolution
		HideSolutionNode = FALSE
	EndGlobalSection
	GlobalSection(ExtensibilityGlobals) = postSolution
		SolutionGuid = {449CF6AE-FE68-4845-B465-2E0634798401}
	EndGlobalSection
EndGlobal
